
Microsoft Visual Studio Solution File, Format Version 12.00
# Visual Studio Version 17
VisualStudioVersion = 17.0.32112.339
MinimumVisualStudioVersion = 10.0.40219.1
Project("{FAE04EC0-301F-11D3-BF4B-00C04F79EFBC}") = "jbp.msg", "jbp.msg\jbp.msg.csproj", "{415C9991-55EE-4454-BA41-8A7AE4DBEEC0}"
EndProject
Project("{FAE04EC0-301F-11D3-BF4B-00C04F79EFBC}") = "jbp.utils", "jbp.utils\jbp.utils.csproj", "{56530CB5-D16E-43C0-A4BD-F36A1DA30F33}"
EndProject
Project("{2150E333-8FDC-42A3-9474-1A3956D46DE8}") = "jbp.UnitTest", "jbp.UnitTest", "{9ABAEF0C-1574-4AA5-BE5D-EF2254EDE32B}"
EndProject
Project("{FAE04EC0-301F-11D3-BF4B-00C04F79EFBC}") = "PromotickClientService", "PromotickClientService\PromotickClientService.csproj", "{A79248AC-490D-4238-8B1B-10FE6CB9273E}"
EndProject
Project("{2150E333-8FDC-42A3-9474-1A3956D46DE8}") = "jbp.WebServices", "jbp.WebServices", "{BF97B96E-4F09-4639-951A-4BA3575751A5}"
EndProject
Project("{2150E333-8FDC-42A3-9474-1A3956D46DE8}") = "jbp.core", "jbp.core", "{4EA271A8-76F7-420D-9DA7-50357075D51E}"
EndProject
Project("{2150E333-8FDC-42A3-9474-1A3956D46DE8}") = "jbp.presentation", "jbp.presentation", "{067FE24F-DC90-416B-9715-C233B35701A7}"
EndProject
Project("{FAE04EC0-301F-11D3-BF4B-00C04F79EFBC}") = "jbp.presentation.EnvioAceleradoresPtk", "jbp.presentation.EnvioAceleradoresPtk\jbp.presentation.EnvioAceleradoresPtk.csproj", "{34FCF3FD-5EF6-4B25-89CA-29804AE347C7}"
EndProject
Project("{9A19103F-16F7-4668-BE54-9A1E7A4F7556}") = "jbp.presentacion.organizarArchivos", "jbp.presentacion.organizarArchivos\jbp.presentacion.organizarArchivos.csproj", "{B11B0D4B-3ABF-43C2-AF80-C3386D3AB4EC}"
EndProject
Project("{F184B08F-C81C-45F6-A57F-5ABD9991F28F}") = "DxSriDll", "..\..\DxSriDll\DxSriDll.vbproj", "{55F2C2EA-E81D-488F-BBF3-EDF5E3FAF98B}"
EndProject
Project("{FAE04EC0-301F-11D3-BF4B-00C04F79EFBC}") = "jbp.services.rest", "jbp.services.rest\jbp.services.rest.csproj", "{1FBFA4CD-E27B-4F16-B119-3AE56615A36D}"
EndProject
Project("{FAE04EC0-301F-11D3-BF4B-00C04F79EFBC}") = "jbp.core.contract", "jbp.core\jbp.core.contract\jbp.core.contract.csproj", "{3D135FEE-24C8-44F9-BC07-F4DD593EAD28}"
EndProject
Project("{FAE04EC0-301F-11D3-BF4B-00C04F79EFBC}") = "jbp.core.oracle9i", "jbp.core\jbp.core.oracle9i\jbp.core.oracle9i.csproj", "{C10E69AA-6960-44E4-A852-51A1A79C7491}"
EndProject
Project("{2150E333-8FDC-42A3-9474-1A3956D46DE8}") = "TechTools", "TechTools", "{FF7D9599-C290-4068-AF1F-DC6D8E8B3D6E}"
EndProject
Project("{2150E333-8FDC-42A3-9474-1A3956D46DE8}") = "jbp.business", "jbp.business", "{6B367E40-8737-4F91-BA27-71C3BDAA0A26}"
EndProject
Project("{FAE04EC0-301F-11D3-BF4B-00C04F79EFBC}") = "jbp.business.oracle9i", "jbp.business.oracle9i\jbp.business.oracle9i.csproj", "{1E48C5DF-D8DA-471C-A922-F30024446284}"
EndProject
Project("{FAE04EC0-301F-11D3-BF4B-00C04F79EFBC}") = "jbp.business.hana", "jbp.business.hana\jbp.business.hana.csproj", "{9ED95A00-F6C4-4249-84E4-7F822DC813BF}"
EndProject
Project("{FAE04EC0-301F-11D3-BF4B-00C04F79EFBC}") = "jbp.unitTest.business.oracle9i", "jbp.unitTest\jbp.unitTest.business.oracle9i\jbp.unitTest.business.oracle9i.csproj", "{AD43032F-871C-4E1C-B7B4-F2FF6B96B2C0}"
EndProject
Project("{FAE04EC0-301F-11D3-BF4B-00C04F79EFBC}") = "jbp.unitTest.proxy", "jbp.unitTest\jbp.unitTest.Proxy\jbp.unitTest.proxy.csproj", "{1265C0AA-CB8F-4ACC-90AE-9A3F21DB92BE}"
EndProject
Project("{FAE04EC0-301F-11D3-BF4B-00C04F79EFBC}") = "jbp.unitTest.business.hana", "jbp.unitTest\jbp.unitTest.business.hana\jbp.unitTest.business.hana.csproj", "{EF3958FE-2C85-4288-9F84-05903285D5AA}"
EndProject
Project("{FAE04EC0-301F-11D3-BF4B-00C04F79EFBC}") = "jbp.unitTest.utils", "jbp.unitTest\jbp.unitTest.utils\jbp.unitTest.utils.csproj", "{54A13FA9-C691-42F5-9269-133FA9C6C588}"
EndProject
Project("{FAE04EC0-301F-11D3-BF4B-00C04F79EFBC}") = "jbp.presentacion.EnvioDocumentosPromotick", "jbp.presentation\jbp.presentacion.EnvioDocumentosPromotick\jbp.presentacion.EnvioDocumentosPromotick.csproj", "{225C061C-D135-4A3C-BCE1-EC7661EC9E57}"
EndProject
Project("{FAE04EC0-301F-11D3-BF4B-00C04F79EFBC}") = "jbp.core.sapDiApi", "jbp.core.sapDiApi\jbp.core.sapDiApi.csproj", "{B860B304-07BF-4CE2-B125-695707941E0C}"
EndProject
Project("{FAE04EC0-301F-11D3-BF4B-00C04F79EFBC}") = "jbp.msg.sap", "jbp.msg.sap\jbp.msg.sap.csproj", "{82573BBB-4437-46F2-B19D-F592D1B73000}"
EndProject
Project("{FAE04EC0-301F-11D3-BF4B-00C04F79EFBC}") = "emailSender", "emailSender\emailSender.csproj", "{5D07C328-934E-4D1D-A767-04B4A0D93E92}"
EndProject
Project("{FAE04EC0-301F-11D3-BF4B-00C04F79EFBC}") = "jbp.borraTemporales", "jbp.presentation\jbp.borraTemporales\jbp.borraTemporales.csproj", "{04651B39-CF4E-40EE-811A-5763391CBCCA}"
EndProject
Project("{FAE04EC0-301F-11D3-BF4B-00C04F79EFBC}") = "TechTools.Utils.UnitTest", "C:\Users\jespin\Dropbox\TechTools\bibliotecaProyectosSoftware\TechTools\TechTools.UnitTest\TechTools.Utils.UnitTest\TechTools.Utils.UnitTest.csproj", "{50B72D98-9E94-4674-AF93-CC0071AC41EE}"
EndProject
Project("{FAE04EC0-301F-11D3-BF4B-00C04F79EFBC}") = "TechTools.Core.Base", "Techtools.net\TechTools.Core\TechTools.Core.Base\TechTools.Core.Base.csproj", "{4890096F-5313-401F-9366-74B7622AAE8B}"
EndProject
Project("{FAE04EC0-301F-11D3-BF4B-00C04F79EFBC}") = "TechTools.Core.Hana", "Techtools.net\TechTools.Core\TechTools.Core.Hana\TechTools.Core.Hana.csproj", "{46A41246-2D2F-4504-94F1-76DB57FD8B55}"
EndProject
Project("{FAE04EC0-301F-11D3-BF4B-00C04F79EFBC}") = "TechTools.Core.Oracle9i", "Techtools.net\TechTools.Core\TechTools.Core.Oracle9i\TechTools.Core.Oracle9i.csproj", "{293FF26D-C95F-4DD0-BC95-D3EB047C998D}"
EndProject
Project("{FAE04EC0-301F-11D3-BF4B-00C04F79EFBC}") = "TechTools.DelegatesAndEnums", "Techtools.net\TechTools.DelegatesAndEnums\TechTools.DelegatesAndEnums.csproj", "{C6863CC0-E925-4F7C-A36C-21BE93B4739E}"
EndProject
Project("{FAE04EC0-301F-11D3-BF4B-00C04F79EFBC}") = "TechTools.Exceptions", "Techtools.net\TechTools.Exceptions\TechTools.Exceptions.csproj", "{69440DBA-7C87-4521-A8D0-4B5C51B76D20}"
EndProject
Project("{FAE04EC0-301F-11D3-BF4B-00C04F79EFBC}") = "TechTools.Logs", "Techtools.net\TechTools.Logs\TechTools.Logs.csproj", "{A807F2AB-F463-43A8-99CA-A2187F62DA7E}"
EndProject
Project("{FAE04EC0-301F-11D3-BF4B-00C04F79EFBC}") = "TechTools.Msg", "Techtools.net\TechTools.Msg\TechTools.Msg.csproj", "{564BFB5A-F530-4B15-963B-6EEF28258BFC}"
EndProject
Project("{FAE04EC0-301F-11D3-BF4B-00C04F79EFBC}") = "TechTools.Net", "Techtools.net\TechTools.Net\TechTools.Net.csproj", "{643A6933-20EE-45F0-85A4-43323A04F334}"
EndProject
Project("{FAE04EC0-301F-11D3-BF4B-00C04F79EFBC}") = "TechTools.Rest", "Techtools.net\TechTools.Rest\TechTools.Rest.csproj", "{EF5EF697-D4DC-4D87-B5E3-FCDA91CD048E}"
EndProject
Project("{FAE04EC0-301F-11D3-BF4B-00C04F79EFBC}") = "TechTools.Serializador", "Techtools.net\TechTools.Serializador\TechTools.Serializador.csproj", "{BB3BEFA2-22A3-4223-B489-4A005FC53216}"
EndProject
Project("{FAE04EC0-301F-11D3-BF4B-00C04F79EFBC}") = "TechTools.Utils", "Techtools.net\TechTools.Utils\TechTools.Utils.csproj", "{F5F4B36B-6166-4DB9-998C-8AED8CADE5B6}"
EndProject
Project("{FAE04EC0-301F-11D3-BF4B-00C04F79EFBC}") = "TechTools.WinServices", "Techtools.net\TechTools.WinServices\TechTools.WinServices.csproj", "{FCF3D03F-FABB-4FBA-B11D-99EDDD47D101}"
EndProject
Project("{9A19103F-16F7-4668-BE54-9A1E7A4F7556}") = "jbp.core.sqlExpress", "jbp.core.sqlExpress\jbp.core.sqlExpress.csproj", "{5FF955A3-3B19-455F-9F53-187A94C64965}"
EndProject
Project("{9A19103F-16F7-4668-BE54-9A1E7A4F7556}") = "TestSqlCore", "TestSqlCore\TestSqlCore.csproj", "{DF8894BE-317B-4624-99B5-210B8FCCF0C2}"
EndProject
Project("{FAE04EC0-301F-11D3-BF4B-00C04F79EFBC}") = "EnvioCorreosClientes", "jbp.presentation\EnvioCorreosClientes\EnvioCorreosClientes.csproj", "{F49F113D-52F8-40C8-A825-FBDADB70C74E}"
EndProject
Project("{9A19103F-16F7-4668-BE54-9A1E7A4F7556}") = "jb.sendDataSitrat", "jb.sendDataSitrat\jb.sendDataSitrat.csproj", "{E784FF8A-580A-470C-9CBC-506AAB9873B7}"
EndProject
Project("{FAE04EC0-301F-11D3-BF4B-00C04F79EFBC}") = "jbp.presentation.test", "jbp.presentation.test\jbp.presentation.test.csproj", "{057916B4-E992-433D-910C-F71D84BA1D91}"
EndProject
Project("{2150E333-8FDC-42A3-9474-1A3956D46DE8}") = "Jbp.Marcaciones", "Jbp.Marcaciones", "{2D2B214B-54F2-4649-A3BF-F51BF8F82CD3}"
EndProject
Project("{FAE04EC0-301F-11D3-BF4B-00C04F79EFBC}") = "EnvioMarcacionesSAP", "Jbp.Marcaciones\EnvioMarcacionesSAP\EnvioMarcacionesSAP.csproj", "{CBBBDF4D-E232-425B-8A2E-DB171F6C35FE}"
EndProject
Project("{FAE04EC0-301F-11D3-BF4B-00C04F79EFBC}") = "MarcacionesDll", "Jbp.Marcaciones\MarcacionesDll\MarcacionesDll.csproj", "{AEB194B7-C6E4-466C-883C-F2EB753AF04E}"
EndProject
Project("{FAE04EC0-301F-11D3-BF4B-00C04F79EFBC}") = "TechTools.Core.Access", "Techtools.net\TechTools.Core\TechTools.Core.Access\TechTools.Core.Access.csproj", "{8BECF6E0-D71C-4BB7-9315-408AB8B324F1}"
EndProject
Project("{FAE04EC0-301F-11D3-BF4B-00C04F79EFBC}") = "jb.presentacion.reporteDiarioCobros", "jb.presentacion.reporteDiarioCobros\jb.presentacion.reporteDiarioCobros.csproj", "{5FB07019-9F2E-48F9-B6B5-99DC31B33341}"
EndProject
Project("{FAE04EC0-301F-11D3-BF4B-00C04F79EFBC}") = "jb.signalR", "jb.signalR\jb.signalR.csproj", "{5E3A1D9A-113C-41F8-A99B-93EF1C101088}"
EndProject
Global
	GlobalSection(SolutionConfigurationPlatforms) = preSolution
		Debug|Any CPU = Debug|Any CPU
		Release|Any CPU = Release|Any CPU
	EndGlobalSection
	GlobalSection(ProjectConfigurationPlatforms) = postSolution
		{415C9991-55EE-4454-BA41-8A7AE4DBEEC0}.Debug|Any CPU.ActiveCfg = Debug|Any CPU
		{415C9991-55EE-4454-BA41-8A7AE4DBEEC0}.Debug|Any CPU.Build.0 = Debug|Any CPU
		{415C9991-55EE-4454-BA41-8A7AE4DBEEC0}.Release|Any CPU.ActiveCfg = Release|Any CPU
		{415C9991-55EE-4454-BA41-8A7AE4DBEEC0}.Release|Any CPU.Build.0 = Release|Any CPU
		{56530CB5-D16E-43C0-A4BD-F36A1DA30F33}.Debug|Any CPU.ActiveCfg = Debug|Any CPU
		{56530CB5-D16E-43C0-A4BD-F36A1DA30F33}.Debug|Any CPU.Build.0 = Debug|Any CPU
		{56530CB5-D16E-43C0-A4BD-F36A1DA30F33}.Release|Any CPU.ActiveCfg = Release|Any CPU
		{56530CB5-D16E-43C0-A4BD-F36A1DA30F33}.Release|Any CPU.Build.0 = Release|Any CPU
		{A79248AC-490D-4238-8B1B-10FE6CB9273E}.Debug|Any CPU.ActiveCfg = Debug|Any CPU
		{A79248AC-490D-4238-8B1B-10FE6CB9273E}.Debug|Any CPU.Build.0 = Debug|Any CPU
		{A79248AC-490D-4238-8B1B-10FE6CB9273E}.Release|Any CPU.ActiveCfg = Release|Any CPU
		{A79248AC-490D-4238-8B1B-10FE6CB9273E}.Release|Any CPU.Build.0 = Release|Any CPU
		{34FCF3FD-5EF6-4B25-89CA-29804AE347C7}.Debug|Any CPU.ActiveCfg = Debug|Any CPU
		{34FCF3FD-5EF6-4B25-89CA-29804AE347C7}.Debug|Any CPU.Build.0 = Debug|Any CPU
		{34FCF3FD-5EF6-4B25-89CA-29804AE347C7}.Release|Any CPU.ActiveCfg = Release|Any CPU
		{34FCF3FD-5EF6-4B25-89CA-29804AE347C7}.Release|Any CPU.Build.0 = Release|Any CPU
		{B11B0D4B-3ABF-43C2-AF80-C3386D3AB4EC}.Debug|Any CPU.ActiveCfg = Debug|Any CPU
		{B11B0D4B-3ABF-43C2-AF80-C3386D3AB4EC}.Debug|Any CPU.Build.0 = Debug|Any CPU
		{B11B0D4B-3ABF-43C2-AF80-C3386D3AB4EC}.Release|Any CPU.ActiveCfg = Release|Any CPU
		{B11B0D4B-3ABF-43C2-AF80-C3386D3AB4EC}.Release|Any CPU.Build.0 = Release|Any CPU
		{55F2C2EA-E81D-488F-BBF3-EDF5E3FAF98B}.Debug|Any CPU.ActiveCfg = Debug|Any CPU
		{55F2C2EA-E81D-488F-BBF3-EDF5E3FAF98B}.Debug|Any CPU.Build.0 = Debug|Any CPU
		{55F2C2EA-E81D-488F-BBF3-EDF5E3FAF98B}.Release|Any CPU.ActiveCfg = Release|Any CPU
		{55F2C2EA-E81D-488F-BBF3-EDF5E3FAF98B}.Release|Any CPU.Build.0 = Release|Any CPU
		{1FBFA4CD-E27B-4F16-B119-3AE56615A36D}.Debug|Any CPU.ActiveCfg = Debug|Any CPU
		{1FBFA4CD-E27B-4F16-B119-3AE56615A36D}.Debug|Any CPU.Build.0 = Debug|Any CPU
		{1FBFA4CD-E27B-4F16-B119-3AE56615A36D}.Release|Any CPU.ActiveCfg = Release|Any CPU
		{1FBFA4CD-E27B-4F16-B119-3AE56615A36D}.Release|Any CPU.Build.0 = Release|Any CPU
		{3D135FEE-24C8-44F9-BC07-F4DD593EAD28}.Debug|Any CPU.ActiveCfg = Debug|Any CPU
		{3D135FEE-24C8-44F9-BC07-F4DD593EAD28}.Debug|Any CPU.Build.0 = Debug|Any CPU
		{3D135FEE-24C8-44F9-BC07-F4DD593EAD28}.Release|Any CPU.ActiveCfg = Release|Any CPU
		{3D135FEE-24C8-44F9-BC07-F4DD593EAD28}.Release|Any CPU.Build.0 = Release|Any CPU
		{C10E69AA-6960-44E4-A852-51A1A79C7491}.Debug|Any CPU.ActiveCfg = Debug|Any CPU
		{C10E69AA-6960-44E4-A852-51A1A79C7491}.Debug|Any CPU.Build.0 = Debug|Any CPU
		{C10E69AA-6960-44E4-A852-51A1A79C7491}.Release|Any CPU.ActiveCfg = Release|Any CPU
		{C10E69AA-6960-44E4-A852-51A1A79C7491}.Release|Any CPU.Build.0 = Release|Any CPU
		{1E48C5DF-D8DA-471C-A922-F30024446284}.Debug|Any CPU.ActiveCfg = Debug|Any CPU
		{1E48C5DF-D8DA-471C-A922-F30024446284}.Debug|Any CPU.Build.0 = Debug|Any CPU
		{1E48C5DF-D8DA-471C-A922-F30024446284}.Release|Any CPU.ActiveCfg = Release|Any CPU
		{1E48C5DF-D8DA-471C-A922-F30024446284}.Release|Any CPU.Build.0 = Release|Any CPU
		{9ED95A00-F6C4-4249-84E4-7F822DC813BF}.Debug|Any CPU.ActiveCfg = Debug|Any CPU
		{9ED95A00-F6C4-4249-84E4-7F822DC813BF}.Debug|Any CPU.Build.0 = Debug|Any CPU
		{9ED95A00-F6C4-4249-84E4-7F822DC813BF}.Release|Any CPU.ActiveCfg = Release|Any CPU
		{9ED95A00-F6C4-4249-84E4-7F822DC813BF}.Release|Any CPU.Build.0 = Release|Any CPU
		{AD43032F-871C-4E1C-B7B4-F2FF6B96B2C0}.Debug|Any CPU.ActiveCfg = Debug|Any CPU
		{AD43032F-871C-4E1C-B7B4-F2FF6B96B2C0}.Debug|Any CPU.Build.0 = Debug|Any CPU
		{AD43032F-871C-4E1C-B7B4-F2FF6B96B2C0}.Release|Any CPU.ActiveCfg = Release|Any CPU
		{AD43032F-871C-4E1C-B7B4-F2FF6B96B2C0}.Release|Any CPU.Build.0 = Release|Any CPU
		{1265C0AA-CB8F-4ACC-90AE-9A3F21DB92BE}.Debug|Any CPU.ActiveCfg = Debug|Any CPU
		{1265C0AA-CB8F-4ACC-90AE-9A3F21DB92BE}.Debug|Any CPU.Build.0 = Debug|Any CPU
		{1265C0AA-CB8F-4ACC-90AE-9A3F21DB92BE}.Release|Any CPU.ActiveCfg = Release|Any CPU
		{1265C0AA-CB8F-4ACC-90AE-9A3F21DB92BE}.Release|Any CPU.Build.0 = Release|Any CPU
		{EF3958FE-2C85-4288-9F84-05903285D5AA}.Debug|Any CPU.ActiveCfg = Debug|Any CPU
		{EF3958FE-2C85-4288-9F84-05903285D5AA}.Debug|Any CPU.Build.0 = Debug|Any CPU
		{EF3958FE-2C85-4288-9F84-05903285D5AA}.Release|Any CPU.ActiveCfg = Release|Any CPU
		{EF3958FE-2C85-4288-9F84-05903285D5AA}.Release|Any CPU.Build.0 = Release|Any CPU
		{54A13FA9-C691-42F5-9269-133FA9C6C588}.Debug|Any CPU.ActiveCfg = Debug|Any CPU
		{54A13FA9-C691-42F5-9269-133FA9C6C588}.Debug|Any CPU.Build.0 = Debug|Any CPU
		{54A13FA9-C691-42F5-9269-133FA9C6C588}.Release|Any CPU.ActiveCfg = Release|Any CPU
		{54A13FA9-C691-42F5-9269-133FA9C6C588}.Release|Any CPU.Build.0 = Release|Any CPU
		{225C061C-D135-4A3C-BCE1-EC7661EC9E57}.Debug|Any CPU.ActiveCfg = Debug|Any CPU
		{225C061C-D135-4A3C-BCE1-EC7661EC9E57}.Debug|Any CPU.Build.0 = Debug|Any CPU
		{225C061C-D135-4A3C-BCE1-EC7661EC9E57}.Release|Any CPU.ActiveCfg = Release|Any CPU
		{225C061C-D135-4A3C-BCE1-EC7661EC9E57}.Release|Any CPU.Build.0 = Release|Any CPU
		{B860B304-07BF-4CE2-B125-695707941E0C}.Debug|Any CPU.ActiveCfg = Debug|Any CPU
		{B860B304-07BF-4CE2-B125-695707941E0C}.Debug|Any CPU.Build.0 = Debug|Any CPU
		{B860B304-07BF-4CE2-B125-695707941E0C}.Release|Any CPU.ActiveCfg = Release|Any CPU
		{B860B304-07BF-4CE2-B125-695707941E0C}.Release|Any CPU.Build.0 = Release|Any CPU
		{82573BBB-4437-46F2-B19D-F592D1B73000}.Debug|Any CPU.ActiveCfg = Debug|Any CPU
		{82573BBB-4437-46F2-B19D-F592D1B73000}.Debug|Any CPU.Build.0 = Debug|Any CPU
		{82573BBB-4437-46F2-B19D-F592D1B73000}.Release|Any CPU.ActiveCfg = Release|Any CPU
		{82573BBB-4437-46F2-B19D-F592D1B73000}.Release|Any CPU.Build.0 = Release|Any CPU
		{5D07C328-934E-4D1D-A767-04B4A0D93E92}.Debug|Any CPU.ActiveCfg = Debug|Any CPU
		{5D07C328-934E-4D1D-A767-04B4A0D93E92}.Debug|Any CPU.Build.0 = Debug|Any CPU
		{5D07C328-934E-4D1D-A767-04B4A0D93E92}.Release|Any CPU.ActiveCfg = Release|Any CPU
		{5D07C328-934E-4D1D-A767-04B4A0D93E92}.Release|Any CPU.Build.0 = Release|Any CPU
		{04651B39-CF4E-40EE-811A-5763391CBCCA}.Debug|Any CPU.ActiveCfg = Debug|Any CPU
		{04651B39-CF4E-40EE-811A-5763391CBCCA}.Debug|Any CPU.Build.0 = Debug|Any CPU
		{04651B39-CF4E-40EE-811A-5763391CBCCA}.Release|Any CPU.ActiveCfg = Release|Any CPU
		{04651B39-CF4E-40EE-811A-5763391CBCCA}.Release|Any CPU.Build.0 = Release|Any CPU
		{50B72D98-9E94-4674-AF93-CC0071AC41EE}.Debug|Any CPU.ActiveCfg = Debug|Any CPU
		{50B72D98-9E94-4674-AF93-CC0071AC41EE}.Debug|Any CPU.Build.0 = Debug|Any CPU
		{50B72D98-9E94-4674-AF93-CC0071AC41EE}.Release|Any CPU.ActiveCfg = Release|Any CPU
		{50B72D98-9E94-4674-AF93-CC0071AC41EE}.Release|Any CPU.Build.0 = Release|Any CPU
		{4890096F-5313-401F-9366-74B7622AAE8B}.Debug|Any CPU.ActiveCfg = Debug|Any CPU
		{4890096F-5313-401F-9366-74B7622AAE8B}.Debug|Any CPU.Build.0 = Debug|Any CPU
		{4890096F-5313-401F-9366-74B7622AAE8B}.Release|Any CPU.ActiveCfg = Release|Any CPU
		{4890096F-5313-401F-9366-74B7622AAE8B}.Release|Any CPU.Build.0 = Release|Any CPU
		{46A41246-2D2F-4504-94F1-76DB57FD8B55}.Debug|Any CPU.ActiveCfg = Debug|Any CPU
		{46A41246-2D2F-4504-94F1-76DB57FD8B55}.Debug|Any CPU.Build.0 = Debug|Any CPU
		{46A41246-2D2F-4504-94F1-76DB57FD8B55}.Release|Any CPU.ActiveCfg = Release|Any CPU
		{46A41246-2D2F-4504-94F1-76DB57FD8B55}.Release|Any CPU.Build.0 = Release|Any CPU
		{293FF26D-C95F-4DD0-BC95-D3EB047C998D}.Debug|Any CPU.ActiveCfg = Debug|Any CPU
		{293FF26D-C95F-4DD0-BC95-D3EB047C998D}.Debug|Any CPU.Build.0 = Debug|Any CPU
		{293FF26D-C95F-4DD0-BC95-D3EB047C998D}.Release|Any CPU.ActiveCfg = Release|Any CPU
		{293FF26D-C95F-4DD0-BC95-D3EB047C998D}.Release|Any CPU.Build.0 = Release|Any CPU
		{C6863CC0-E925-4F7C-A36C-21BE93B4739E}.Debug|Any CPU.ActiveCfg = Debug|Any CPU
		{C6863CC0-E925-4F7C-A36C-21BE93B4739E}.Debug|Any CPU.Build.0 = Debug|Any CPU
		{C6863CC0-E925-4F7C-A36C-21BE93B4739E}.Release|Any CPU.ActiveCfg = Release|Any CPU
		{C6863CC0-E925-4F7C-A36C-21BE93B4739E}.Release|Any CPU.Build.0 = Release|Any CPU
		{69440DBA-7C87-4521-A8D0-4B5C51B76D20}.Debug|Any CPU.ActiveCfg = Debug|Any CPU
		{69440DBA-7C87-4521-A8D0-4B5C51B76D20}.Debug|Any CPU.Build.0 = Debug|Any CPU
		{69440DBA-7C87-4521-A8D0-4B5C51B76D20}.Release|Any CPU.ActiveCfg = Release|Any CPU
		{69440DBA-7C87-4521-A8D0-4B5C51B76D20}.Release|Any CPU.Build.0 = Release|Any CPU
		{A807F2AB-F463-43A8-99CA-A2187F62DA7E}.Debug|Any CPU.ActiveCfg = Debug|Any CPU
		{A807F2AB-F463-43A8-99CA-A2187F62DA7E}.Debug|Any CPU.Build.0 = Debug|Any CPU
		{A807F2AB-F463-43A8-99CA-A2187F62DA7E}.Release|Any CPU.ActiveCfg = Release|Any CPU
		{A807F2AB-F463-43A8-99CA-A2187F62DA7E}.Release|Any CPU.Build.0 = Release|Any CPU
		{564BFB5A-F530-4B15-963B-6EEF28258BFC}.Debug|Any CPU.ActiveCfg = Debug|Any CPU
		{564BFB5A-F530-4B15-963B-6EEF28258BFC}.Debug|Any CPU.Build.0 = Debug|Any CPU
		{564BFB5A-F530-4B15-963B-6EEF28258BFC}.Release|Any CPU.ActiveCfg = Release|Any CPU
		{564BFB5A-F530-4B15-963B-6EEF28258BFC}.Release|Any CPU.Build.0 = Release|Any CPU
		{643A6933-20EE-45F0-85A4-43323A04F334}.Debug|Any CPU.ActiveCfg = Debug|Any CPU
		{643A6933-20EE-45F0-85A4-43323A04F334}.Debug|Any CPU.Build.0 = Debug|Any CPU
		{643A6933-20EE-45F0-85A4-43323A04F334}.Release|Any CPU.ActiveCfg = Release|Any CPU
		{643A6933-20EE-45F0-85A4-43323A04F334}.Release|Any CPU.Build.0 = Release|Any CPU
		{EF5EF697-D4DC-4D87-B5E3-FCDA91CD048E}.Debug|Any CPU.ActiveCfg = Debug|Any CPU
		{EF5EF697-D4DC-4D87-B5E3-FCDA91CD048E}.Debug|Any CPU.Build.0 = Debug|Any CPU
		{EF5EF697-D4DC-4D87-B5E3-FCDA91CD048E}.Release|Any CPU.ActiveCfg = Release|Any CPU
		{EF5EF697-D4DC-4D87-B5E3-FCDA91CD048E}.Release|Any CPU.Build.0 = Release|Any CPU
		{BB3BEFA2-22A3-4223-B489-4A005FC53216}.Debug|Any CPU.ActiveCfg = Debug|Any CPU
		{BB3BEFA2-22A3-4223-B489-4A005FC53216}.Debug|Any CPU.Build.0 = Debug|Any CPU
		{BB3BEFA2-22A3-4223-B489-4A005FC53216}.Release|Any CPU.ActiveCfg = Release|Any CPU
		{BB3BEFA2-22A3-4223-B489-4A005FC53216}.Release|Any CPU.Build.0 = Release|Any CPU
		{F5F4B36B-6166-4DB9-998C-8AED8CADE5B6}.Debug|Any CPU.ActiveCfg = Debug|Any CPU
		{F5F4B36B-6166-4DB9-998C-8AED8CADE5B6}.Debug|Any CPU.Build.0 = Debug|Any CPU
		{F5F4B36B-6166-4DB9-998C-8AED8CADE5B6}.Release|Any CPU.ActiveCfg = Release|Any CPU
		{F5F4B36B-6166-4DB9-998C-8AED8CADE5B6}.Release|Any CPU.Build.0 = Release|Any CPU
		{FCF3D03F-FABB-4FBA-B11D-99EDDD47D101}.Debug|Any CPU.ActiveCfg = Debug|Any CPU
		{FCF3D03F-FABB-4FBA-B11D-99EDDD47D101}.Debug|Any CPU.Build.0 = Debug|Any CPU
		{FCF3D03F-FABB-4FBA-B11D-99EDDD47D101}.Release|Any CPU.ActiveCfg = Release|Any CPU
		{FCF3D03F-FABB-4FBA-B11D-99EDDD47D101}.Release|Any CPU.Build.0 = Release|Any CPU
		{5FF955A3-3B19-455F-9F53-187A94C64965}.Debug|Any CPU.ActiveCfg = Debug|Any CPU
		{5FF955A3-3B19-455F-9F53-187A94C64965}.Debug|Any CPU.Build.0 = Debug|Any CPU
		{5FF955A3-3B19-455F-9F53-187A94C64965}.Release|Any CPU.ActiveCfg = Release|Any CPU
		{5FF955A3-3B19-455F-9F53-187A94C64965}.Release|Any CPU.Build.0 = Release|Any CPU
		{DF8894BE-317B-4624-99B5-210B8FCCF0C2}.Debug|Any CPU.ActiveCfg = Debug|Any CPU
		{DF8894BE-317B-4624-99B5-210B8FCCF0C2}.Debug|Any CPU.Build.0 = Debug|Any CPU
		{DF8894BE-317B-4624-99B5-210B8FCCF0C2}.Release|Any CPU.ActiveCfg = Release|Any CPU
		{DF8894BE-317B-4624-99B5-210B8FCCF0C2}.Release|Any CPU.Build.0 = Release|Any CPU
		{F49F113D-52F8-40C8-A825-FBDADB70C74E}.Debug|Any CPU.ActiveCfg = Debug|Any CPU
		{F49F113D-52F8-40C8-A825-FBDADB70C74E}.Debug|Any CPU.Build.0 = Debug|Any CPU
		{F49F113D-52F8-40C8-A825-FBDADB70C74E}.Release|Any CPU.ActiveCfg = Release|Any CPU
		{F49F113D-52F8-40C8-A825-FBDADB70C74E}.Release|Any CPU.Build.0 = Release|Any CPU
		{E784FF8A-580A-470C-9CBC-506AAB9873B7}.Debug|Any CPU.ActiveCfg = Debug|Any CPU
		{E784FF8A-580A-470C-9CBC-506AAB9873B7}.Debug|Any CPU.Build.0 = Debug|Any CPU
		{E784FF8A-580A-470C-9CBC-506AAB9873B7}.Release|Any CPU.ActiveCfg = Release|Any CPU
		{E784FF8A-580A-470C-9CBC-506AAB9873B7}.Release|Any CPU.Build.0 = Release|Any CPU
		{057916B4-E992-433D-910C-F71D84BA1D91}.Debug|Any CPU.ActiveCfg = Debug|Any CPU
		{057916B4-E992-433D-910C-F71D84BA1D91}.Debug|Any CPU.Build.0 = Debug|Any CPU
		{057916B4-E992-433D-910C-F71D84BA1D91}.Release|Any CPU.ActiveCfg = Release|Any CPU
		{057916B4-E992-433D-910C-F71D84BA1D91}.Release|Any CPU.Build.0 = Release|Any CPU
		{CBBBDF4D-E232-425B-8A2E-DB171F6C35FE}.Debug|Any CPU.ActiveCfg = Debug|Any CPU
		{CBBBDF4D-E232-425B-8A2E-DB171F6C35FE}.Debug|Any CPU.Build.0 = Debug|Any CPU
		{CBBBDF4D-E232-425B-8A2E-DB171F6C35FE}.Release|Any CPU.ActiveCfg = Release|Any CPU
		{CBBBDF4D-E232-425B-8A2E-DB171F6C35FE}.Release|Any CPU.Build.0 = Release|Any CPU
		{AEB194B7-C6E4-466C-883C-F2EB753AF04E}.Debug|Any CPU.ActiveCfg = Debug|Any CPU
		{AEB194B7-C6E4-466C-883C-F2EB753AF04E}.Debug|Any CPU.Build.0 = Debug|Any CPU
		{AEB194B7-C6E4-466C-883C-F2EB753AF04E}.Release|Any CPU.ActiveCfg = Release|Any CPU
		{AEB194B7-C6E4-466C-883C-F2EB753AF04E}.Release|Any CPU.Build.0 = Release|Any CPU
		{8BECF6E0-D71C-4BB7-9315-408AB8B324F1}.Debug|Any CPU.ActiveCfg = Debug|Any CPU
		{8BECF6E0-D71C-4BB7-9315-408AB8B324F1}.Debug|Any CPU.Build.0 = Debug|Any CPU
		{8BECF6E0-D71C-4BB7-9315-408AB8B324F1}.Release|Any CPU.ActiveCfg = Release|Any CPU
		{8BECF6E0-D71C-4BB7-9315-408AB8B324F1}.Release|Any CPU.Build.0 = Release|Any CPU
		{5FB07019-9F2E-48F9-B6B5-99DC31B33341}.Debug|Any CPU.ActiveCfg = Debug|Any CPU
		{5FB07019-9F2E-48F9-B6B5-99DC31B33341}.Debug|Any CPU.Build.0 = Debug|Any CPU
		{5FB07019-9F2E-48F9-B6B5-99DC31B33341}.Release|Any CPU.ActiveCfg = Release|Any CPU
		{5FB07019-9F2E-48F9-B6B5-99DC31B33341}.Release|Any CPU.Build.0 = Release|Any CPU
		{5E3A1D9A-113C-41F8-A99B-93EF1C101088}.Debug|Any CPU.ActiveCfg = Debug|Any CPU
		{5E3A1D9A-113C-41F8-A99B-93EF1C101088}.Debug|Any CPU.Build.0 = Debug|Any CPU
		{5E3A1D9A-113C-41F8-A99B-93EF1C101088}.Release|Any CPU.ActiveCfg = Release|Any CPU
		{5E3A1D9A-113C-41F8-A99B-93EF1C101088}.Release|Any CPU.Build.0 = Release|Any CPU
	EndGlobalSection
	GlobalSection(SolutionProperties) = preSolution
		HideSolutionNode = FALSE
	EndGlobalSection
	GlobalSection(NestedProjects) = preSolution
		{A79248AC-490D-4238-8B1B-10FE6CB9273E} = {067FE24F-DC90-416B-9715-C233B35701A7}
		{34FCF3FD-5EF6-4B25-89CA-29804AE347C7} = {067FE24F-DC90-416B-9715-C233B35701A7}
		{B11B0D4B-3ABF-43C2-AF80-C3386D3AB4EC} = {067FE24F-DC90-416B-9715-C233B35701A7}
		{1FBFA4CD-E27B-4F16-B119-3AE56615A36D} = {BF97B96E-4F09-4639-951A-4BA3575751A5}
		{3D135FEE-24C8-44F9-BC07-F4DD593EAD28} = {4EA271A8-76F7-420D-9DA7-50357075D51E}
		{C10E69AA-6960-44E4-A852-51A1A79C7491} = {4EA271A8-76F7-420D-9DA7-50357075D51E}
		{1E48C5DF-D8DA-471C-A922-F30024446284} = {6B367E40-8737-4F91-BA27-71C3BDAA0A26}
		{9ED95A00-F6C4-4249-84E4-7F822DC813BF} = {6B367E40-8737-4F91-BA27-71C3BDAA0A26}
		{AD43032F-871C-4E1C-B7B4-F2FF6B96B2C0} = {9ABAEF0C-1574-4AA5-BE5D-EF2254EDE32B}
		{1265C0AA-CB8F-4ACC-90AE-9A3F21DB92BE} = {9ABAEF0C-1574-4AA5-BE5D-EF2254EDE32B}
		{EF3958FE-2C85-4288-9F84-05903285D5AA} = {9ABAEF0C-1574-4AA5-BE5D-EF2254EDE32B}
		{54A13FA9-C691-42F5-9269-133FA9C6C588} = {9ABAEF0C-1574-4AA5-BE5D-EF2254EDE32B}
		{225C061C-D135-4A3C-BCE1-EC7661EC9E57} = {067FE24F-DC90-416B-9715-C233B35701A7}
		{B860B304-07BF-4CE2-B125-695707941E0C} = {4EA271A8-76F7-420D-9DA7-50357075D51E}
		{5D07C328-934E-4D1D-A767-04B4A0D93E92} = {067FE24F-DC90-416B-9715-C233B35701A7}
		{04651B39-CF4E-40EE-811A-5763391CBCCA} = {067FE24F-DC90-416B-9715-C233B35701A7}
		{50B72D98-9E94-4674-AF93-CC0071AC41EE} = {9ABAEF0C-1574-4AA5-BE5D-EF2254EDE32B}
		{4890096F-5313-401F-9366-74B7622AAE8B} = {FF7D9599-C290-4068-AF1F-DC6D8E8B3D6E}
		{46A41246-2D2F-4504-94F1-76DB57FD8B55} = {FF7D9599-C290-4068-AF1F-DC6D8E8B3D6E}
		{293FF26D-C95F-4DD0-BC95-D3EB047C998D} = {FF7D9599-C290-4068-AF1F-DC6D8E8B3D6E}
		{C6863CC0-E925-4F7C-A36C-21BE93B4739E} = {FF7D9599-C290-4068-AF1F-DC6D8E8B3D6E}
		{69440DBA-7C87-4521-A8D0-4B5C51B76D20} = {FF7D9599-C290-4068-AF1F-DC6D8E8B3D6E}
		{A807F2AB-F463-43A8-99CA-A2187F62DA7E} = {FF7D9599-C290-4068-AF1F-DC6D8E8B3D6E}
		{564BFB5A-F530-4B15-963B-6EEF28258BFC} = {FF7D9599-C290-4068-AF1F-DC6D8E8B3D6E}
		{643A6933-20EE-45F0-85A4-43323A04F334} = {FF7D9599-C290-4068-AF1F-DC6D8E8B3D6E}
		{EF5EF697-D4DC-4D87-B5E3-FCDA91CD048E} = {FF7D9599-C290-4068-AF1F-DC6D8E8B3D6E}
		{BB3BEFA2-22A3-4223-B489-4A005FC53216} = {FF7D9599-C290-4068-AF1F-DC6D8E8B3D6E}
		{F5F4B36B-6166-4DB9-998C-8AED8CADE5B6} = {FF7D9599-C290-4068-AF1F-DC6D8E8B3D6E}
		{FCF3D03F-FABB-4FBA-B11D-99EDDD47D101} = {FF7D9599-C290-4068-AF1F-DC6D8E8B3D6E}
		{5FF955A3-3B19-455F-9F53-187A94C64965} = {4EA271A8-76F7-420D-9DA7-50357075D51E}
		{DF8894BE-317B-4624-99B5-210B8FCCF0C2} = {9ABAEF0C-1574-4AA5-BE5D-EF2254EDE32B}
		{F49F113D-52F8-40C8-A825-FBDADB70C74E} = {067FE24F-DC90-416B-9715-C233B35701A7}
		{E784FF8A-580A-470C-9CBC-506AAB9873B7} = {067FE24F-DC90-416B-9715-C233B35701A7}
		{057916B4-E992-433D-910C-F71D84BA1D91} = {067FE24F-DC90-416B-9715-C233B35701A7}
		{CBBBDF4D-E232-425B-8A2E-DB171F6C35FE} = {2D2B214B-54F2-4649-A3BF-F51BF8F82CD3}
		{AEB194B7-C6E4-466C-883C-F2EB753AF04E} = {2D2B214B-54F2-4649-A3BF-F51BF8F82CD3}
		{8BECF6E0-D71C-4BB7-9315-408AB8B324F1} = {FF7D9599-C290-4068-AF1F-DC6D8E8B3D6E}
		{5FB07019-9F2E-48F9-B6B5-99DC31B33341} = {067FE24F-DC90-416B-9715-C233B35701A7}
		{5E3A1D9A-113C-41F8-A99B-93EF1C101088} = {BF97B96E-4F09-4639-951A-4BA3575751A5}
	EndGlobalSection
	GlobalSection(ExtensibilityGlobals) = postSolution
		SolutionGuid = {25D77B39-D161-4FDF-8DB9-4351EEEAF982}
	EndGlobalSection
EndGlobal
