
Microsoft Visual Studio Solution File, Format Version 12.00
# Visual Studio Version 16
VisualStudioVersion = 16.0.28729.10
MinimumVisualStudioVersion = 10.0.40219.1
Project("{FAE04EC0-301F-11D3-BF4B-00C04F79EFBC}") = "jbp.msg", "jbp.msg\jbp.msg.csproj", "{415C9991-55EE-4454-BA41-8A7AE4DBEEC0}"
EndProject
Project("{FAE04EC0-301F-11D3-BF4B-00C04F79EFBC}") = "jbp.proxy", "jbp.proxy\jbp.proxy.csproj", "{A8B74ED1-3063-4B7E-B997-6201162996C7}"
EndProject
Project("{FAE04EC0-301F-11D3-BF4B-00C04F79EFBC}") = "jbp.utils", "jbp.utils\jbp.utils.csproj", "{56530CB5-D16E-43C0-A4BD-F36A1DA30F33}"
EndProject
Project("{2150E333-8FDC-42A3-9474-1A3956D46DE8}") = "jbp.UnitTest", "jbp.UnitTest", "{9ABAEF0C-1574-4AA5-BE5D-EF2254EDE32B}"
EndProject
Project("{FAE04EC0-301F-11D3-BF4B-00C04F79EFBC}") = "jbp.unitTest.proxy", "jbp.UnitTest.Proxy\jbp.unitTest.proxy.csproj", "{1265C0AA-CB8F-4ACC-90AE-9A3F21DB92BE}"
EndProject
Project("{FAE04EC0-301F-11D3-BF4B-00C04F79EFBC}") = "jbp.unitTest.utils", "jbp.unitTest.utils\jbp.unitTest.utils.csproj", "{1EB48EF3-AD36-4865-8579-42B3E76C7E73}"
EndProject
Project("{FAE04EC0-301F-11D3-BF4B-00C04F79EFBC}") = "jbp.core.oracle9i", "jbp.core\jbp.core.oracle9i.csproj", "{C10E69AA-6960-44E4-A852-51A1A79C7491}"
EndProject
Project("{FAE04EC0-301F-11D3-BF4B-00C04F79EFBC}") = "jbp.core.contract", "jbp.core.definition\jbp.core.contract.csproj", "{3D135FEE-24C8-44F9-BC07-F4DD593EAD28}"
EndProject
Project("{FAE04EC0-301F-11D3-BF4B-00C04F79EFBC}") = "jbp.business", "jbp.business\jbp.business.csproj", "{1E48C5DF-D8DA-471C-A922-F30024446284}"
EndProject
Project("{FAE04EC0-301F-11D3-BF4B-00C04F79EFBC}") = "jbp.unitTest.business", "jbp.unitTest.Business\jbp.unitTest.business.csproj", "{AD43032F-871C-4E1C-B7B4-F2FF6B96B2C0}"
EndProject
Project("{FAE04EC0-301F-11D3-BF4B-00C04F79EFBC}") = "jbp.services.rest", "jbp.services.rest\jbp.services.rest.csproj", "{CD7A3FB1-4B5B-48EF-A9AA-56A13A0CFC5B}"
EndProject
Project("{2150E333-8FDC-42A3-9474-1A3956D46DE8}") = "Solution Items", "Solution Items", "{BBC77B99-4B69-4EE7-B07A-FCF7FE33FC04}"
	ProjectSection(SolutionItems) = preProject
		LICENSE = LICENSE
		Readme.md = Readme.md
	EndProjectSection
EndProject
Project("{9A19103F-16F7-4668-BE54-9A1E7A4F7556}") = "jbp.services.signalR", "jbp.services.signalR\jbp.services.signalR.csproj", "{C4B27EAB-37A9-4378-8A37-EDA3C020E33C}"
EndProject
Project("{FAE04EC0-301F-11D3-BF4B-00C04F79EFBC}") = "PromotickClientService", "PromotickClientService\PromotickClientService.csproj", "{A79248AC-490D-4238-8B1B-10FE6CB9273E}"
EndProject
Project("{2150E333-8FDC-42A3-9474-1A3956D46DE8}") = "jbp.businessServices", "jbp.businessServices", "{6568F5C7-0A57-4EF4-B5EE-31C6D5375D70}"
EndProject
Project("{FAE04EC0-301F-11D3-BF4B-00C04F79EFBC}") = "jbp.businessServices.SendFacturasAndNCPromotick", "jbp.businessServices.SendFacturasAndNCPromotick\jbp.businessServices.SendFacturasAndNCPromotick.csproj", "{A267D367-125D-40BB-96FA-BEC6E33FCDB1}"
EndProject
Project("{2150E333-8FDC-42A3-9474-1A3956D46DE8}") = "jbp.WebServices", "jbp.WebServices", "{BF97B96E-4F09-4639-951A-4BA3575751A5}"
EndProject
Project("{2150E333-8FDC-42A3-9474-1A3956D46DE8}") = "jbp.core", "jbp.core", "{4EA271A8-76F7-420D-9DA7-50357075D51E}"
EndProject
Project("{FAE04EC0-301F-11D3-BF4B-00C04F79EFBC}") = "test2", "test2\test2.csproj", "{16322D2F-DC40-4A05-9B16-CB94D8A4DE81}"
EndProject
Project("{FAE04EC0-301F-11D3-BF4B-00C04F79EFBC}") = "jbp.businessServices.admin", "jbp.businessServices.admin\jbp.businessServices.admin.csproj", "{3755CED0-B3A0-4085-AFE8-75208859AF18}"
EndProject
Project("{2150E333-8FDC-42A3-9474-1A3956D46DE8}") = "jbp.presentation", "jbp.presentation", "{067FE24F-DC90-416B-9715-C233B35701A7}"
EndProject
Project("{FAE04EC0-301F-11D3-BF4B-00C04F79EFBC}") = "jbp.presentation.EnvioAceleradoresPtk", "jbp.presentation.EnvioAceleradoresPtk\jbp.presentation.EnvioAceleradoresPtk.csproj", "{34FCF3FD-5EF6-4B25-89CA-29804AE347C7}"
EndProject
Project("{FAE04EC0-301F-11D3-BF4B-00C04F79EFBC}") = "jbp.presentacion.organizarArchivos", "jbp.presentacion.organizarArchivos\jbp.presentacion.organizarArchivos.csproj", "{B11B0D4B-3ABF-43C2-AF80-C3386D3AB4EC}"
EndProject
Global
	GlobalSection(SolutionConfigurationPlatforms) = preSolution
		Debug|Any CPU = Debug|Any CPU
		Release|Any CPU = Release|Any CPU
	EndGlobalSection
	GlobalSection(ProjectConfigurationPlatforms) = postSolution
		{415C9991-55EE-4454-BA41-8A7AE4DBEEC0}.Debug|Any CPU.ActiveCfg = Debug|Any CPU
		{415C9991-55EE-4454-BA41-8A7AE4DBEEC0}.Debug|Any CPU.Build.0 = Debug|Any CPU
		{415C9991-55EE-4454-BA41-8A7AE4DBEEC0}.Release|Any CPU.ActiveCfg = Release|Any CPU
		{415C9991-55EE-4454-BA41-8A7AE4DBEEC0}.Release|Any CPU.Build.0 = Release|Any CPU
		{A8B74ED1-3063-4B7E-B997-6201162996C7}.Debug|Any CPU.ActiveCfg = Debug|Any CPU
		{A8B74ED1-3063-4B7E-B997-6201162996C7}.Debug|Any CPU.Build.0 = Debug|Any CPU
		{A8B74ED1-3063-4B7E-B997-6201162996C7}.Release|Any CPU.ActiveCfg = Release|Any CPU
		{A8B74ED1-3063-4B7E-B997-6201162996C7}.Release|Any CPU.Build.0 = Release|Any CPU
		{56530CB5-D16E-43C0-A4BD-F36A1DA30F33}.Debug|Any CPU.ActiveCfg = Debug|Any CPU
		{56530CB5-D16E-43C0-A4BD-F36A1DA30F33}.Debug|Any CPU.Build.0 = Debug|Any CPU
		{56530CB5-D16E-43C0-A4BD-F36A1DA30F33}.Release|Any CPU.ActiveCfg = Release|Any CPU
		{56530CB5-D16E-43C0-A4BD-F36A1DA30F33}.Release|Any CPU.Build.0 = Release|Any CPU
		{1265C0AA-CB8F-4ACC-90AE-9A3F21DB92BE}.Debug|Any CPU.ActiveCfg = Debug|Any CPU
		{1265C0AA-CB8F-4ACC-90AE-9A3F21DB92BE}.Debug|Any CPU.Build.0 = Debug|Any CPU
		{1265C0AA-CB8F-4ACC-90AE-9A3F21DB92BE}.Release|Any CPU.ActiveCfg = Release|Any CPU
		{1265C0AA-CB8F-4ACC-90AE-9A3F21DB92BE}.Release|Any CPU.Build.0 = Release|Any CPU
		{1EB48EF3-AD36-4865-8579-42B3E76C7E73}.Debug|Any CPU.ActiveCfg = Debug|Any CPU
		{1EB48EF3-AD36-4865-8579-42B3E76C7E73}.Debug|Any CPU.Build.0 = Debug|Any CPU
		{1EB48EF3-AD36-4865-8579-42B3E76C7E73}.Release|Any CPU.ActiveCfg = Release|Any CPU
		{1EB48EF3-AD36-4865-8579-42B3E76C7E73}.Release|Any CPU.Build.0 = Release|Any CPU
		{C10E69AA-6960-44E4-A852-51A1A79C7491}.Debug|Any CPU.ActiveCfg = Debug|Any CPU
		{C10E69AA-6960-44E4-A852-51A1A79C7491}.Debug|Any CPU.Build.0 = Debug|Any CPU
		{C10E69AA-6960-44E4-A852-51A1A79C7491}.Release|Any CPU.ActiveCfg = Release|Any CPU
		{C10E69AA-6960-44E4-A852-51A1A79C7491}.Release|Any CPU.Build.0 = Release|Any CPU
		{3D135FEE-24C8-44F9-BC07-F4DD593EAD28}.Debug|Any CPU.ActiveCfg = Debug|Any CPU
		{3D135FEE-24C8-44F9-BC07-F4DD593EAD28}.Debug|Any CPU.Build.0 = Debug|Any CPU
		{3D135FEE-24C8-44F9-BC07-F4DD593EAD28}.Release|Any CPU.ActiveCfg = Release|Any CPU
		{3D135FEE-24C8-44F9-BC07-F4DD593EAD28}.Release|Any CPU.Build.0 = Release|Any CPU
		{1E48C5DF-D8DA-471C-A922-F30024446284}.Debug|Any CPU.ActiveCfg = Debug|Any CPU
		{1E48C5DF-D8DA-471C-A922-F30024446284}.Debug|Any CPU.Build.0 = Debug|Any CPU
		{1E48C5DF-D8DA-471C-A922-F30024446284}.Release|Any CPU.ActiveCfg = Release|Any CPU
		{1E48C5DF-D8DA-471C-A922-F30024446284}.Release|Any CPU.Build.0 = Release|Any CPU
		{AD43032F-871C-4E1C-B7B4-F2FF6B96B2C0}.Debug|Any CPU.ActiveCfg = Debug|Any CPU
		{AD43032F-871C-4E1C-B7B4-F2FF6B96B2C0}.Debug|Any CPU.Build.0 = Debug|Any CPU
		{AD43032F-871C-4E1C-B7B4-F2FF6B96B2C0}.Release|Any CPU.ActiveCfg = Release|Any CPU
		{AD43032F-871C-4E1C-B7B4-F2FF6B96B2C0}.Release|Any CPU.Build.0 = Release|Any CPU
		{CD7A3FB1-4B5B-48EF-A9AA-56A13A0CFC5B}.Debug|Any CPU.ActiveCfg = Debug|Any CPU
		{CD7A3FB1-4B5B-48EF-A9AA-56A13A0CFC5B}.Debug|Any CPU.Build.0 = Debug|Any CPU
		{CD7A3FB1-4B5B-48EF-A9AA-56A13A0CFC5B}.Release|Any CPU.ActiveCfg = Release|Any CPU
		{CD7A3FB1-4B5B-48EF-A9AA-56A13A0CFC5B}.Release|Any CPU.Build.0 = Release|Any CPU
		{C4B27EAB-37A9-4378-8A37-EDA3C020E33C}.Debug|Any CPU.ActiveCfg = Debug|Any CPU
		{C4B27EAB-37A9-4378-8A37-EDA3C020E33C}.Debug|Any CPU.Build.0 = Debug|Any CPU
		{C4B27EAB-37A9-4378-8A37-EDA3C020E33C}.Release|Any CPU.ActiveCfg = Release|Any CPU
		{C4B27EAB-37A9-4378-8A37-EDA3C020E33C}.Release|Any CPU.Build.0 = Release|Any CPU
		{A79248AC-490D-4238-8B1B-10FE6CB9273E}.Debug|Any CPU.ActiveCfg = Debug|Any CPU
		{A79248AC-490D-4238-8B1B-10FE6CB9273E}.Debug|Any CPU.Build.0 = Debug|Any CPU
		{A79248AC-490D-4238-8B1B-10FE6CB9273E}.Release|Any CPU.ActiveCfg = Release|Any CPU
		{A79248AC-490D-4238-8B1B-10FE6CB9273E}.Release|Any CPU.Build.0 = Release|Any CPU
		{A267D367-125D-40BB-96FA-BEC6E33FCDB1}.Debug|Any CPU.ActiveCfg = Debug|Any CPU
		{A267D367-125D-40BB-96FA-BEC6E33FCDB1}.Debug|Any CPU.Build.0 = Debug|Any CPU
		{A267D367-125D-40BB-96FA-BEC6E33FCDB1}.Release|Any CPU.ActiveCfg = Release|Any CPU
		{A267D367-125D-40BB-96FA-BEC6E33FCDB1}.Release|Any CPU.Build.0 = Release|Any CPU
		{16322D2F-DC40-4A05-9B16-CB94D8A4DE81}.Debug|Any CPU.ActiveCfg = Debug|Any CPU
		{16322D2F-DC40-4A05-9B16-CB94D8A4DE81}.Debug|Any CPU.Build.0 = Debug|Any CPU
		{16322D2F-DC40-4A05-9B16-CB94D8A4DE81}.Release|Any CPU.ActiveCfg = Release|Any CPU
		{16322D2F-DC40-4A05-9B16-CB94D8A4DE81}.Release|Any CPU.Build.0 = Release|Any CPU
		{3755CED0-B3A0-4085-AFE8-75208859AF18}.Debug|Any CPU.ActiveCfg = Debug|Any CPU
		{3755CED0-B3A0-4085-AFE8-75208859AF18}.Debug|Any CPU.Build.0 = Debug|Any CPU
		{3755CED0-B3A0-4085-AFE8-75208859AF18}.Release|Any CPU.ActiveCfg = Release|Any CPU
		{3755CED0-B3A0-4085-AFE8-75208859AF18}.Release|Any CPU.Build.0 = Release|Any CPU
		{34FCF3FD-5EF6-4B25-89CA-29804AE347C7}.Debug|Any CPU.ActiveCfg = Debug|Any CPU
		{34FCF3FD-5EF6-4B25-89CA-29804AE347C7}.Debug|Any CPU.Build.0 = Debug|Any CPU
		{34FCF3FD-5EF6-4B25-89CA-29804AE347C7}.Release|Any CPU.ActiveCfg = Release|Any CPU
		{34FCF3FD-5EF6-4B25-89CA-29804AE347C7}.Release|Any CPU.Build.0 = Release|Any CPU
		{B11B0D4B-3ABF-43C2-AF80-C3386D3AB4EC}.Debug|Any CPU.ActiveCfg = Debug|Any CPU
		{B11B0D4B-3ABF-43C2-AF80-C3386D3AB4EC}.Debug|Any CPU.Build.0 = Debug|Any CPU
		{B11B0D4B-3ABF-43C2-AF80-C3386D3AB4EC}.Release|Any CPU.ActiveCfg = Release|Any CPU
		{B11B0D4B-3ABF-43C2-AF80-C3386D3AB4EC}.Release|Any CPU.Build.0 = Release|Any CPU
	EndGlobalSection
	GlobalSection(SolutionProperties) = preSolution
		HideSolutionNode = FALSE
	EndGlobalSection
	GlobalSection(NestedProjects) = preSolution
		{1265C0AA-CB8F-4ACC-90AE-9A3F21DB92BE} = {9ABAEF0C-1574-4AA5-BE5D-EF2254EDE32B}
		{1EB48EF3-AD36-4865-8579-42B3E76C7E73} = {9ABAEF0C-1574-4AA5-BE5D-EF2254EDE32B}
		{C10E69AA-6960-44E4-A852-51A1A79C7491} = {4EA271A8-76F7-420D-9DA7-50357075D51E}
		{3D135FEE-24C8-44F9-BC07-F4DD593EAD28} = {4EA271A8-76F7-420D-9DA7-50357075D51E}
		{AD43032F-871C-4E1C-B7B4-F2FF6B96B2C0} = {9ABAEF0C-1574-4AA5-BE5D-EF2254EDE32B}
		{CD7A3FB1-4B5B-48EF-A9AA-56A13A0CFC5B} = {BF97B96E-4F09-4639-951A-4BA3575751A5}
		{C4B27EAB-37A9-4378-8A37-EDA3C020E33C} = {BF97B96E-4F09-4639-951A-4BA3575751A5}
		{A79248AC-490D-4238-8B1B-10FE6CB9273E} = {067FE24F-DC90-416B-9715-C233B35701A7}
		{A267D367-125D-40BB-96FA-BEC6E33FCDB1} = {6568F5C7-0A57-4EF4-B5EE-31C6D5375D70}
		{3755CED0-B3A0-4085-AFE8-75208859AF18} = {6568F5C7-0A57-4EF4-B5EE-31C6D5375D70}
		{34FCF3FD-5EF6-4B25-89CA-29804AE347C7} = {067FE24F-DC90-416B-9715-C233B35701A7}
		{B11B0D4B-3ABF-43C2-AF80-C3386D3AB4EC} = {067FE24F-DC90-416B-9715-C233B35701A7}
	EndGlobalSection
	GlobalSection(ExtensibilityGlobals) = postSolution
		SolutionGuid = {25D77B39-D161-4FDF-8DB9-4351EEEAF982}
	EndGlobalSection
EndGlobal
